
Microsoft Visual Studio Solution File, Format Version 12.00
# Visual Studio Version 16
VisualStudioVersion = 16.0.33423.256
MinimumVisualStudioVersion = 10.0.40219.1
Project("{FAE04EC0-301F-11D3-BF4B-00C04F79EFBC}") = "AuthenticationService", "AuthenticationService\AuthenticationService.csproj", "{D94FDD7D-FB0D-4231-8661-EA3280295CD3}"
EndProject
Global
	GlobalSection(SolutionConfigurationPlatforms) = preSolution
		Debug|Any CPU = Debug|Any CPU
		Release|Any CPU = Release|Any CPU
	EndGlobalSection
	GlobalSection(ProjectConfigurationPlatforms) = postSolution
		{D94FDD7D-FB0D-4231-8661-EA3280295CD3}.Debug|Any CPU.ActiveCfg = Debug|Any CPU
		{D94FDD7D-FB0D-4231-8661-EA3280295CD3}.Debug|Any CPU.Build.0 = Debug|Any CPU
		{D94FDD7D-FB0D-4231-8661-EA3280295CD3}.Release|Any CPU.ActiveCfg = Release|Any CPU
		{D94FDD7D-FB0D-4231-8661-EA3280295CD3}.Release|Any CPU.Build.0 = Release|Any CPU
	EndGlobalSection
	GlobalSection(SolutionProperties) = preSolution
		HideSolutionNode = FALSE
	EndGlobalSection
	GlobalSection(ExtensibilityGlobals) = postSolution
		SolutionGuid = {DB292F32-B2E3-484B-BECB-CD7C1EAD4866}
	EndGlobalSection
EndGlobal
